
Microsoft Visual Studio Solution File, Format Version 12.00
# Visual Studio Version 17
VisualStudioVersion = 17.9.34728.123
MinimumVisualStudioVersion = 10.0.40219.1
Project("{FAE04EC0-301F-11D3-BF4B-00C04F79EFBC}") = "MyDGDProject", "MyDGDProject.csproj", "{2B573A23-9ACC-4023-B793-1676794B83C6}"
EndProject
Global
	GlobalSection(SolutionConfigurationPlatforms) = preSolution
		Debug|Any CPU = Debug|Any CPU
		Release|Any CPU = Release|Any CPU
	EndGlobalSection
	GlobalSection(ProjectConfigurationPlatforms) = postSolution
		{2B573A23-9ACC-4023-B793-1676794B83C6}.Debug|Any CPU.ActiveCfg = Debug|Any CPU
		{2B573A23-9ACC-4023-B793-1676794B83C6}.Debug|Any CPU.Build.0 = Debug|Any CPU
		{2B573A23-9ACC-4023-B793-1676794B83C6}.Release|Any CPU.ActiveCfg = Release|Any CPU
		{2B573A23-9ACC-4023-B793-1676794B83C6}.Release|Any CPU.Build.0 = Release|Any CPU
	EndGlobalSection
	GlobalSection(SolutionProperties) = preSolution
		HideSolutionNode = FALSE
	EndGlobalSection
	GlobalSection(ExtensibilityGlobals) = postSolution
		SolutionGuid = {7336B4E4-E240-4419-B82E-AC42D896E449}
	EndGlobalSection
EndGlobal
